
Microsoft Visual Studio Solution File, Format Version 12.00
# Visual Studio Version 17
VisualStudioVersion = 17.5.002.0
MinimumVisualStudioVersion = 10.0.40219.1
Project("{9A19103F-16F7-4668-BE54-9A1E7A4F7556}") = "boardgames", "boardgames.csproj", "{9455EBDE-3756-4410-A309-58D2BBCD8F09}"
EndProject
Global
	GlobalSection(SolutionConfigurationPlatforms) = preSolution
		Debug|Any CPU = Debug|Any CPU
		Release|Any CPU = Release|Any CPU
	EndGlobalSection
	GlobalSection(ProjectConfigurationPlatforms) = postSolution
		{9455EBDE-3756-4410-A309-58D2BBCD8F09}.Debug|Any CPU.ActiveCfg = Debug|Any CPU
		{9455EBDE-3756-4410-A309-58D2BBCD8F09}.Debug|Any CPU.Build.0 = Debug|Any CPU
		{9455EBDE-3756-4410-A309-58D2BBCD8F09}.Release|Any CPU.ActiveCfg = Release|Any CPU
		{9455EBDE-3756-4410-A309-58D2BBCD8F09}.Release|Any CPU.Build.0 = Release|Any CPU
	EndGlobalSection
	GlobalSection(SolutionProperties) = preSolution
		HideSolutionNode = FALSE
	EndGlobalSection
	GlobalSection(ExtensibilityGlobals) = postSolution
		SolutionGuid = {60107B9E-7057-4E16-B586-435723FF0097}
	EndGlobalSection
EndGlobal
